
Microsoft Visual Studio Solution File, Format Version 12.00
# Visual Studio Version 16
VisualStudioVersion = 16.0.30804.86
MinimumVisualStudioVersion = 10.0.40219.1
Project("{FAE04EC0-301F-11D3-BF4B-00C04F79EFBC}") = "Atlas.WPF", "Atlas.WPF\Atlas.WPF.csproj", "{28DBBDB0-1456-4540-8A7D-D5C7210E48E9}"
EndProject
Project("{FAE04EC0-301F-11D3-BF4B-00C04F79EFBC}") = "Atlas.Domain", "Atlas.Domain\Atlas.Domain.csproj", "{E134D4E7-C9A9-4F9B-9885-FD463EC6CA9E}"
EndProject
Project("{FAE04EC0-301F-11D3-BF4B-00C04F79EFBC}") = "Atlas.DataAccess", "Atlas.DataAccess\Atlas.DataAccess.csproj", "{6C16BD23-B709-4346-B432-B978E2EDD1A0}"
EndProject
Project("{FAE04EC0-301F-11D3-BF4B-00C04F79EFBC}") = "Atlas.Mvvm", "Atlas.Mvvm\Atlas.Mvvm.csproj", "{FDA10024-8FCB-4F61-A07D-B8164C85F3D2}"
EndProject
Project("{FAE04EC0-301F-11D3-BF4B-00C04F79EFBC}") = "Atlas.Infrastructure.Abstraction", "Atlas.Infrastructure.Abstraction\Atlas.Infrastructure.Abstraction.csproj", "{49CBCA4D-92A6-4489-B52F-F6C7616018B1}"
EndProject
Project("{FAE04EC0-301F-11D3-BF4B-00C04F79EFBC}") = "Atlas.Infrastructure.Implementation", "Atlas.Infrastructure.Implementation\Atlas.Infrastructure.Implementation.csproj", "{93E5B6AF-45C8-4CB5-B407-C036830E0E4B}"
EndProject
Global
	GlobalSection(SolutionConfigurationPlatforms) = preSolution
		Debug|Any CPU = Debug|Any CPU
		Release|Any CPU = Release|Any CPU
	EndGlobalSection
	GlobalSection(ProjectConfigurationPlatforms) = postSolution
		{28DBBDB0-1456-4540-8A7D-D5C7210E48E9}.Debug|Any CPU.ActiveCfg = Debug|Any CPU
		{28DBBDB0-1456-4540-8A7D-D5C7210E48E9}.Debug|Any CPU.Build.0 = Debug|Any CPU
		{28DBBDB0-1456-4540-8A7D-D5C7210E48E9}.Release|Any CPU.ActiveCfg = Release|Any CPU
		{28DBBDB0-1456-4540-8A7D-D5C7210E48E9}.Release|Any CPU.Build.0 = Release|Any CPU
		{E134D4E7-C9A9-4F9B-9885-FD463EC6CA9E}.Debug|Any CPU.ActiveCfg = Debug|Any CPU
		{E134D4E7-C9A9-4F9B-9885-FD463EC6CA9E}.Debug|Any CPU.Build.0 = Debug|Any CPU
		{E134D4E7-C9A9-4F9B-9885-FD463EC6CA9E}.Release|Any CPU.ActiveCfg = Release|Any CPU
		{E134D4E7-C9A9-4F9B-9885-FD463EC6CA9E}.Release|Any CPU.Build.0 = Release|Any CPU
		{6C16BD23-B709-4346-B432-B978E2EDD1A0}.Debug|Any CPU.ActiveCfg = Debug|Any CPU
		{6C16BD23-B709-4346-B432-B978E2EDD1A0}.Debug|Any CPU.Build.0 = Debug|Any CPU
		{6C16BD23-B709-4346-B432-B978E2EDD1A0}.Release|Any CPU.ActiveCfg = Release|Any CPU
		{6C16BD23-B709-4346-B432-B978E2EDD1A0}.Release|Any CPU.Build.0 = Release|Any CPU
		{FDA10024-8FCB-4F61-A07D-B8164C85F3D2}.Debug|Any CPU.ActiveCfg = Debug|Any CPU
		{FDA10024-8FCB-4F61-A07D-B8164C85F3D2}.Debug|Any CPU.Build.0 = Debug|Any CPU
		{FDA10024-8FCB-4F61-A07D-B8164C85F3D2}.Release|Any CPU.ActiveCfg = Release|Any CPU
		{FDA10024-8FCB-4F61-A07D-B8164C85F3D2}.Release|Any CPU.Build.0 = Release|Any CPU
		{49CBCA4D-92A6-4489-B52F-F6C7616018B1}.Debug|Any CPU.ActiveCfg = Debug|Any CPU
		{49CBCA4D-92A6-4489-B52F-F6C7616018B1}.Debug|Any CPU.Build.0 = Debug|Any CPU
		{49CBCA4D-92A6-4489-B52F-F6C7616018B1}.Release|Any CPU.ActiveCfg = Release|Any CPU
		{49CBCA4D-92A6-4489-B52F-F6C7616018B1}.Release|Any CPU.Build.0 = Release|Any CPU
		{93E5B6AF-45C8-4CB5-B407-C036830E0E4B}.Debug|Any CPU.ActiveCfg = Debug|Any CPU
		{93E5B6AF-45C8-4CB5-B407-C036830E0E4B}.Debug|Any CPU.Build.0 = Debug|Any CPU
		{93E5B6AF-45C8-4CB5-B407-C036830E0E4B}.Release|Any CPU.ActiveCfg = Release|Any CPU
		{93E5B6AF-45C8-4CB5-B407-C036830E0E4B}.Release|Any CPU.Build.0 = Release|Any CPU
	EndGlobalSection
	GlobalSection(SolutionProperties) = preSolution
		HideSolutionNode = FALSE
	EndGlobalSection
	GlobalSection(ExtensibilityGlobals) = postSolution
		SolutionGuid = {7E4BF0C3-6D8E-4954-949D-BAFA3DF53554}
	EndGlobalSection
EndGlobal
